
Microsoft Visual Studio Solution File, Format Version 12.00
# Visual Studio Version 17
VisualStudioVersion = 17.3.32929.385
MinimumVisualStudioVersion = 10.0.40219.1
Project("{2150E333-8FDC-42A3-9474-1A3956D46DE8}") = "AdminWebApp", "AdminWebApp", "{972132B9-1292-4B67-BEC6-C77EFF26A028}"
EndProject
Project("{2150E333-8FDC-42A3-9474-1A3956D46DE8}") = "ClientWebApp", "ClientWebApp", "{5DA713B3-36C2-4C2F-8F16-4EA4C3894854}"
EndProject
Project("{2150E333-8FDC-42A3-9474-1A3956D46DE8}") = "GameService", "GameService", "{00840ADD-08B9-4779-AC80-029600FEE6EF}"
EndProject
Project("{2150E333-8FDC-42A3-9474-1A3956D46DE8}") = "IdentityService", "IdentityService", "{8A3F50BB-DC5E-4166-B835-63302644B4E9}"
EndProject
Project("{2150E333-8FDC-42A3-9474-1A3956D46DE8}") = "services", "services", "{681DAAF9-2E8D-43D9-842C-295D09206013}"
EndProject
Project("{2150E333-8FDC-42A3-9474-1A3956D46DE8}") = "apps", "apps", "{526EA6EE-3DBA-4710-9AD4-BBBEBFE25E7F}"
EndProject
Project("{2150E333-8FDC-42A3-9474-1A3956D46DE8}") = "ProfileService", "ProfileService", "{4B3D9FD8-7E3D-4F16-9AEB-918D63FAAB59}"
EndProject
Global
	GlobalSection(SolutionProperties) = preSolution
		HideSolutionNode = FALSE
	EndGlobalSection
	GlobalSection(NestedProjects) = preSolution
		{972132B9-1292-4B67-BEC6-C77EFF26A028} = {526EA6EE-3DBA-4710-9AD4-BBBEBFE25E7F}
		{5DA713B3-36C2-4C2F-8F16-4EA4C3894854} = {526EA6EE-3DBA-4710-9AD4-BBBEBFE25E7F}
		{00840ADD-08B9-4779-AC80-029600FEE6EF} = {681DAAF9-2E8D-43D9-842C-295D09206013}
		{8A3F50BB-DC5E-4166-B835-63302644B4E9} = {681DAAF9-2E8D-43D9-842C-295D09206013}
		{4B3D9FD8-7E3D-4F16-9AEB-918D63FAAB59} = {681DAAF9-2E8D-43D9-842C-295D09206013}
	EndGlobalSection
	GlobalSection(ExtensibilityGlobals) = postSolution
		SolutionGuid = {B9E92EB9-3C0C-48A4-B0FC-F6C2738E653D}
	EndGlobalSection
EndGlobal
