
Microsoft Visual Studio Solution File, Format Version 12.00
# Visual Studio Version 17
VisualStudioVersion = 17.3.32929.385
MinimumVisualStudioVersion = 10.0.40219.1
Project("{2150E333-8FDC-42A3-9474-1A3956D46DE8}") = "AdminWebApp", "AdminWebApp", "{972132B9-1292-4B67-BEC6-C77EFF26A028}"
EndProject
Project("{2150E333-8FDC-42A3-9474-1A3956D46DE8}") = "ClientWebApp", "ClientWebApp", "{5DA713B3-36C2-4C2F-8F16-4EA4C3894854}"
EndProject
Project("{2150E333-8FDC-42A3-9474-1A3956D46DE8}") = "GameService", "GameService", "{00840ADD-08B9-4779-AC80-029600FEE6EF}"
EndProject
Project("{2150E333-8FDC-42A3-9474-1A3956D46DE8}") = "IdentityService", "IdentityService", "{8A3F50BB-DC5E-4166-B835-63302644B4E9}"
EndProject
Project("{2150E333-8FDC-42A3-9474-1A3956D46DE8}") = "services", "services", "{681DAAF9-2E8D-43D9-842C-295D09206013}"
EndProject
Project("{2150E333-8FDC-42A3-9474-1A3956D46DE8}") = "apps", "apps", "{526EA6EE-3DBA-4710-9AD4-BBBEBFE25E7F}"
EndProject
Project("{2150E333-8FDC-42A3-9474-1A3956D46DE8}") = "ProfileService", "ProfileService", "{4B3D9FD8-7E3D-4F16-9AEB-918D63FAAB59}"
EndProject
Project("{9A19103F-16F7-4668-BE54-9A1E7A4F7556}") = "Profile.Application", "src\ProfileService\Profile.Application\Profile.Application.csproj", "{3A3C1F69-8200-485A-BC7C-E0E09A559190}"
EndProject
Project("{9A19103F-16F7-4668-BE54-9A1E7A4F7556}") = "Profile.Domain", "src\ProfileService\Profile.Domain\Profile.Domain.csproj", "{0FF61F29-A8DA-4293-B7F1-9F9926584233}"
EndProject
Project("{9A19103F-16F7-4668-BE54-9A1E7A4F7556}") = "Profile.Infra", "src\ProfileService\Profile.Infra\Profile.Infra.csproj", "{7EEEACEC-162B-47C0-92E8-92B62A1D1727}"
EndProject
Project("{2150E333-8FDC-42A3-9474-1A3956D46DE8}") = "tests", "tests", "{1D16F557-D948-45C6-A576-D3C4245EB526}"
EndProject
Project("{2150E333-8FDC-42A3-9474-1A3956D46DE8}") = "ProfileService", "ProfileService", "{A29B857E-EB61-4D21-B0D7-E80CCC2D8D97}"
EndProject
Project("{9A19103F-16F7-4668-BE54-9A1E7A4F7556}") = "Profile.Domain.UnitTests", "tests\ProfileServiceUnitTests\Profile.Domain.UnitTests\Profile.Domain.UnitTests.csproj", "{73EBA92B-DDF2-4A66-AECD-B0CDA0E2CEE8}"
EndProject
Project("{9A19103F-16F7-4668-BE54-9A1E7A4F7556}") = "Profile.Application.UnitTests", "tests\ProfileServiceUnitTests\Profile.Application.UnitTests\Profile.Application.UnitTests.csproj", "{BCE7E5DD-A784-4075-BE06-A60E90F128D4}"
EndProject
Project("{9A19103F-16F7-4668-BE54-9A1E7A4F7556}") = "Profile.Api", "src\ProfileService\Profile.Api\Profile.Api.csproj", "{62F15D36-6662-419E-B87A-9D0E00F9F8A7}"
EndProject
Project("{9A19103F-16F7-4668-BE54-9A1E7A4F7556}") = "ClientWeb", "src\ClientWebApp\ClientWeb.csproj", "{0E23D0E0-4B41-4F62-B3F2-5BC914E14C84}"
EndProject
Global
	GlobalSection(SolutionConfigurationPlatforms) = preSolution
		Debug|Any CPU = Debug|Any CPU
		Release|Any CPU = Release|Any CPU
	EndGlobalSection
	GlobalSection(ProjectConfigurationPlatforms) = postSolution
		{3A3C1F69-8200-485A-BC7C-E0E09A559190}.Debug|Any CPU.ActiveCfg = Debug|Any CPU
		{3A3C1F69-8200-485A-BC7C-E0E09A559190}.Debug|Any CPU.Build.0 = Debug|Any CPU
		{3A3C1F69-8200-485A-BC7C-E0E09A559190}.Release|Any CPU.ActiveCfg = Release|Any CPU
		{3A3C1F69-8200-485A-BC7C-E0E09A559190}.Release|Any CPU.Build.0 = Release|Any CPU
		{0FF61F29-A8DA-4293-B7F1-9F9926584233}.Debug|Any CPU.ActiveCfg = Debug|Any CPU
		{0FF61F29-A8DA-4293-B7F1-9F9926584233}.Debug|Any CPU.Build.0 = Debug|Any CPU
		{0FF61F29-A8DA-4293-B7F1-9F9926584233}.Release|Any CPU.ActiveCfg = Release|Any CPU
		{0FF61F29-A8DA-4293-B7F1-9F9926584233}.Release|Any CPU.Build.0 = Release|Any CPU
		{7EEEACEC-162B-47C0-92E8-92B62A1D1727}.Debug|Any CPU.ActiveCfg = Debug|Any CPU
		{7EEEACEC-162B-47C0-92E8-92B62A1D1727}.Debug|Any CPU.Build.0 = Debug|Any CPU
		{7EEEACEC-162B-47C0-92E8-92B62A1D1727}.Release|Any CPU.ActiveCfg = Release|Any CPU
		{7EEEACEC-162B-47C0-92E8-92B62A1D1727}.Release|Any CPU.Build.0 = Release|Any CPU
		{73EBA92B-DDF2-4A66-AECD-B0CDA0E2CEE8}.Debug|Any CPU.ActiveCfg = Debug|Any CPU
		{73EBA92B-DDF2-4A66-AECD-B0CDA0E2CEE8}.Debug|Any CPU.Build.0 = Debug|Any CPU
		{73EBA92B-DDF2-4A66-AECD-B0CDA0E2CEE8}.Release|Any CPU.ActiveCfg = Release|Any CPU
		{73EBA92B-DDF2-4A66-AECD-B0CDA0E2CEE8}.Release|Any CPU.Build.0 = Release|Any CPU
		{BCE7E5DD-A784-4075-BE06-A60E90F128D4}.Debug|Any CPU.ActiveCfg = Debug|Any CPU
		{BCE7E5DD-A784-4075-BE06-A60E90F128D4}.Debug|Any CPU.Build.0 = Debug|Any CPU
		{BCE7E5DD-A784-4075-BE06-A60E90F128D4}.Release|Any CPU.ActiveCfg = Release|Any CPU
		{BCE7E5DD-A784-4075-BE06-A60E90F128D4}.Release|Any CPU.Build.0 = Release|Any CPU
		{62F15D36-6662-419E-B87A-9D0E00F9F8A7}.Debug|Any CPU.ActiveCfg = Debug|Any CPU
		{62F15D36-6662-419E-B87A-9D0E00F9F8A7}.Debug|Any CPU.Build.0 = Debug|Any CPU
		{62F15D36-6662-419E-B87A-9D0E00F9F8A7}.Release|Any CPU.ActiveCfg = Release|Any CPU
		{62F15D36-6662-419E-B87A-9D0E00F9F8A7}.Release|Any CPU.Build.0 = Release|Any CPU
		{0E23D0E0-4B41-4F62-B3F2-5BC914E14C84}.Debug|Any CPU.ActiveCfg = Debug|Any CPU
		{0E23D0E0-4B41-4F62-B3F2-5BC914E14C84}.Debug|Any CPU.Build.0 = Debug|Any CPU
		{0E23D0E0-4B41-4F62-B3F2-5BC914E14C84}.Release|Any CPU.ActiveCfg = Release|Any CPU
		{0E23D0E0-4B41-4F62-B3F2-5BC914E14C84}.Release|Any CPU.Build.0 = Release|Any CPU
	EndGlobalSection
	GlobalSection(SolutionProperties) = preSolution
		HideSolutionNode = FALSE
	EndGlobalSection
	GlobalSection(NestedProjects) = preSolution
		{972132B9-1292-4B67-BEC6-C77EFF26A028} = {526EA6EE-3DBA-4710-9AD4-BBBEBFE25E7F}
		{5DA713B3-36C2-4C2F-8F16-4EA4C3894854} = {526EA6EE-3DBA-4710-9AD4-BBBEBFE25E7F}
		{00840ADD-08B9-4779-AC80-029600FEE6EF} = {681DAAF9-2E8D-43D9-842C-295D09206013}
		{8A3F50BB-DC5E-4166-B835-63302644B4E9} = {681DAAF9-2E8D-43D9-842C-295D09206013}
		{4B3D9FD8-7E3D-4F16-9AEB-918D63FAAB59} = {681DAAF9-2E8D-43D9-842C-295D09206013}
		{3A3C1F69-8200-485A-BC7C-E0E09A559190} = {4B3D9FD8-7E3D-4F16-9AEB-918D63FAAB59}
		{0FF61F29-A8DA-4293-B7F1-9F9926584233} = {4B3D9FD8-7E3D-4F16-9AEB-918D63FAAB59}
		{7EEEACEC-162B-47C0-92E8-92B62A1D1727} = {4B3D9FD8-7E3D-4F16-9AEB-918D63FAAB59}
		{A29B857E-EB61-4D21-B0D7-E80CCC2D8D97} = {1D16F557-D948-45C6-A576-D3C4245EB526}
		{73EBA92B-DDF2-4A66-AECD-B0CDA0E2CEE8} = {A29B857E-EB61-4D21-B0D7-E80CCC2D8D97}
		{BCE7E5DD-A784-4075-BE06-A60E90F128D4} = {A29B857E-EB61-4D21-B0D7-E80CCC2D8D97}
		{62F15D36-6662-419E-B87A-9D0E00F9F8A7} = {4B3D9FD8-7E3D-4F16-9AEB-918D63FAAB59}
		{0E23D0E0-4B41-4F62-B3F2-5BC914E14C84} = {5DA713B3-36C2-4C2F-8F16-4EA4C3894854}
	EndGlobalSection
	GlobalSection(ExtensibilityGlobals) = postSolution
		SolutionGuid = {B9E92EB9-3C0C-48A4-B0FC-F6C2738E653D}
	EndGlobalSection
EndGlobal
