
Microsoft Visual Studio Solution File, Format Version 12.00
# Visual Studio Version 17
VisualStudioVersion = 17.3.32929.385
MinimumVisualStudioVersion = 10.0.40219.1
Project("{2150E333-8FDC-42A3-9474-1A3956D46DE8}") = "AdminWebApp", "AdminWebApp", "{972132B9-1292-4B67-BEC6-C77EFF26A028}"
EndProject
Project("{2150E333-8FDC-42A3-9474-1A3956D46DE8}") = "ClientWebApp", "ClientWebApp", "{5DA713B3-36C2-4C2F-8F16-4EA4C3894854}"
EndProject
Project("{2150E333-8FDC-42A3-9474-1A3956D46DE8}") = "GameService", "GameService", "{00840ADD-08B9-4779-AC80-029600FEE6EF}"
EndProject
Project("{2150E333-8FDC-42A3-9474-1A3956D46DE8}") = "IdentityService", "IdentityService", "{8A3F50BB-DC5E-4166-B835-63302644B4E9}"
EndProject
Project("{2150E333-8FDC-42A3-9474-1A3956D46DE8}") = "services", "services", "{681DAAF9-2E8D-43D9-842C-295D09206013}"
EndProject
Project("{2150E333-8FDC-42A3-9474-1A3956D46DE8}") = "apps", "apps", "{526EA6EE-3DBA-4710-9AD4-BBBEBFE25E7F}"
EndProject
Project("{2150E333-8FDC-42A3-9474-1A3956D46DE8}") = "ProfileService", "ProfileService", "{4B3D9FD8-7E3D-4F16-9AEB-918D63FAAB59}"
EndProject
Project("{9A19103F-16F7-4668-BE54-9A1E7A4F7556}") = "Profile.Api", "src\ProfileService\Profile.Api\Profile.Api.csproj", "{D03D2B75-C322-41A2-8D87-0DAA600CBAD3}"
EndProject
Project("{9A19103F-16F7-4668-BE54-9A1E7A4F7556}") = "Profile.Application", "src\ProfileService\Profile.Application\Profile.Application.csproj", "{3A3C1F69-8200-485A-BC7C-E0E09A559190}"
EndProject
Project("{9A19103F-16F7-4668-BE54-9A1E7A4F7556}") = "Profile.Domain", "src\ProfileService\Profile.Domain\Profile.Domain.csproj", "{0FF61F29-A8DA-4293-B7F1-9F9926584233}"
EndProject
Project("{9A19103F-16F7-4668-BE54-9A1E7A4F7556}") = "Profile.Infra", "src\ProfileService\Profile.Infra\Profile.Infra.csproj", "{7EEEACEC-162B-47C0-92E8-92B62A1D1727}"
EndProject
Project("{2150E333-8FDC-42A3-9474-1A3956D46DE8}") = "tests", "tests", "{7D2A9D5C-BDE9-477E-BFF6-B8CE916DE2A1}"
EndProject
Project("{FAE04EC0-301F-11D3-BF4B-00C04F79EFBC}") = "Profile.Application.Tests", "src\ProfileService\Profile.Application.Tests\Profile.Application.Tests.csproj", "{CEA9B294-9F1B-45C4-9EB3-A90024028374}"
EndProject
Project("{FAE04EC0-301F-11D3-BF4B-00C04F79EFBC}") = "Profile.Domain.Tests", "src\ProfileService\Profile.Domain.Tests\Profile.Domain.Tests.csproj", "{71D984D4-8D4C-4AD5-9071-18771165F324}"
EndProject
Global
	GlobalSection(SolutionConfigurationPlatforms) = preSolution
		Debug|Any CPU = Debug|Any CPU
		Release|Any CPU = Release|Any CPU
	EndGlobalSection
	GlobalSection(ProjectConfigurationPlatforms) = postSolution
		{D03D2B75-C322-41A2-8D87-0DAA600CBAD3}.Debug|Any CPU.ActiveCfg = Debug|Any CPU
		{D03D2B75-C322-41A2-8D87-0DAA600CBAD3}.Debug|Any CPU.Build.0 = Debug|Any CPU
		{D03D2B75-C322-41A2-8D87-0DAA600CBAD3}.Release|Any CPU.ActiveCfg = Release|Any CPU
		{D03D2B75-C322-41A2-8D87-0DAA600CBAD3}.Release|Any CPU.Build.0 = Release|Any CPU
		{3A3C1F69-8200-485A-BC7C-E0E09A559190}.Debug|Any CPU.ActiveCfg = Debug|Any CPU
		{3A3C1F69-8200-485A-BC7C-E0E09A559190}.Debug|Any CPU.Build.0 = Debug|Any CPU
		{3A3C1F69-8200-485A-BC7C-E0E09A559190}.Release|Any CPU.ActiveCfg = Release|Any CPU
		{3A3C1F69-8200-485A-BC7C-E0E09A559190}.Release|Any CPU.Build.0 = Release|Any CPU
		{0FF61F29-A8DA-4293-B7F1-9F9926584233}.Debug|Any CPU.ActiveCfg = Debug|Any CPU
		{0FF61F29-A8DA-4293-B7F1-9F9926584233}.Debug|Any CPU.Build.0 = Debug|Any CPU
		{0FF61F29-A8DA-4293-B7F1-9F9926584233}.Release|Any CPU.ActiveCfg = Release|Any CPU
		{0FF61F29-A8DA-4293-B7F1-9F9926584233}.Release|Any CPU.Build.0 = Release|Any CPU
		{7EEEACEC-162B-47C0-92E8-92B62A1D1727}.Debug|Any CPU.ActiveCfg = Debug|Any CPU
		{7EEEACEC-162B-47C0-92E8-92B62A1D1727}.Debug|Any CPU.Build.0 = Debug|Any CPU
		{7EEEACEC-162B-47C0-92E8-92B62A1D1727}.Release|Any CPU.ActiveCfg = Release|Any CPU
		{7EEEACEC-162B-47C0-92E8-92B62A1D1727}.Release|Any CPU.Build.0 = Release|Any CPU
		{CEA9B294-9F1B-45C4-9EB3-A90024028374}.Debug|Any CPU.ActiveCfg = Debug|Any CPU
		{CEA9B294-9F1B-45C4-9EB3-A90024028374}.Debug|Any CPU.Build.0 = Debug|Any CPU
		{CEA9B294-9F1B-45C4-9EB3-A90024028374}.Release|Any CPU.ActiveCfg = Release|Any CPU
		{CEA9B294-9F1B-45C4-9EB3-A90024028374}.Release|Any CPU.Build.0 = Release|Any CPU
		{71D984D4-8D4C-4AD5-9071-18771165F324}.Debug|Any CPU.ActiveCfg = Debug|Any CPU
		{71D984D4-8D4C-4AD5-9071-18771165F324}.Debug|Any CPU.Build.0 = Debug|Any CPU
		{71D984D4-8D4C-4AD5-9071-18771165F324}.Release|Any CPU.ActiveCfg = Release|Any CPU
		{71D984D4-8D4C-4AD5-9071-18771165F324}.Release|Any CPU.Build.0 = Release|Any CPU
	EndGlobalSection
	GlobalSection(SolutionProperties) = preSolution
		HideSolutionNode = FALSE
	EndGlobalSection
	GlobalSection(NestedProjects) = preSolution
		{972132B9-1292-4B67-BEC6-C77EFF26A028} = {526EA6EE-3DBA-4710-9AD4-BBBEBFE25E7F}
		{5DA713B3-36C2-4C2F-8F16-4EA4C3894854} = {526EA6EE-3DBA-4710-9AD4-BBBEBFE25E7F}
		{00840ADD-08B9-4779-AC80-029600FEE6EF} = {681DAAF9-2E8D-43D9-842C-295D09206013}
		{8A3F50BB-DC5E-4166-B835-63302644B4E9} = {681DAAF9-2E8D-43D9-842C-295D09206013}
		{4B3D9FD8-7E3D-4F16-9AEB-918D63FAAB59} = {681DAAF9-2E8D-43D9-842C-295D09206013}
		{D03D2B75-C322-41A2-8D87-0DAA600CBAD3} = {4B3D9FD8-7E3D-4F16-9AEB-918D63FAAB59}
		{3A3C1F69-8200-485A-BC7C-E0E09A559190} = {4B3D9FD8-7E3D-4F16-9AEB-918D63FAAB59}
		{0FF61F29-A8DA-4293-B7F1-9F9926584233} = {4B3D9FD8-7E3D-4F16-9AEB-918D63FAAB59}
		{7EEEACEC-162B-47C0-92E8-92B62A1D1727} = {4B3D9FD8-7E3D-4F16-9AEB-918D63FAAB59}
		{7D2A9D5C-BDE9-477E-BFF6-B8CE916DE2A1} = {4B3D9FD8-7E3D-4F16-9AEB-918D63FAAB59}
		{CEA9B294-9F1B-45C4-9EB3-A90024028374} = {7D2A9D5C-BDE9-477E-BFF6-B8CE916DE2A1}
		{71D984D4-8D4C-4AD5-9071-18771165F324} = {7D2A9D5C-BDE9-477E-BFF6-B8CE916DE2A1}
	EndGlobalSection
	GlobalSection(ExtensibilityGlobals) = postSolution
		SolutionGuid = {B9E92EB9-3C0C-48A4-B0FC-F6C2738E653D}
	EndGlobalSection
EndGlobal
